{
  "lockfileVersion": 1,
  "workspaces": {
    "": {
      "name": "deepseek-sql-agents",
      "dependencies": {
        "react": "^19.0.0",
        "react-dom": "^19.0.0",
        "server": "react-dom/server",
        "short-unique-id": "^5.2.0",
        "sqlite-vec": "^0.1.7-alpha.2",
        "zod": "^3.24.1",
        "zodex": "^0.18.2",
      },
      "devDependencies": {
        "@types/bun": "latest",
      },
      "peerDependencies": {
        "typescript": "^5.0.0",
      },
    },
  },
  "packages": {
    "@types/bun": ["@types/bun@1.2.1", "", { "dependencies": { "bun-types": "1.2.1" } }, "sha512-iiCeMAKMkft8EPQJxSbpVRD0DKqrh91w40zunNajce3nMNNFd/LnAquVisSZC+UpTMjDwtcdyzbWct08IvEqRA=="],

    "@types/node": ["@types/node@22.12.0", "", { "dependencies": { "undici-types": "~6.20.0" } }, "sha512-Fll2FZ1riMjNmlmJOdAyY5pUbkftXslB5DgEzlIuNaiWhXd00FhWxVC/r4yV/4wBb9JfImTu+jiSvXTkJ7F/gA=="],

    "@types/ws": ["@types/ws@8.5.14", "", { "dependencies": { "@types/node": "*" } }, "sha512-bd/YFLW+URhBzMXurx7lWByOu+xzU9+kb3RboOteXYDfW+tr+JZa99OyNmPINEGB/ahzKrEuc8rcv4gnpJmxTw=="],

    "bun-types": ["bun-types@1.2.1", "", { "dependencies": { "@types/node": "*", "@types/ws": "~8.5.10" } }, "sha512-p7bmXUWmrPWxhcbFVk7oUXM5jAGt94URaoa3qf4mz43MEhNAo/ot1urzBqctgvuq7y9YxkuN51u+/qm4BiIsHw=="],

    "react": ["react@19.0.0", "", {}, "sha512-V8AVnmPIICiWpGfm6GLzCR/W5FXLchHop40W4nXBmdlEceh16rCN8O8LNWm5bh5XUX91fh7KpA+W0TgMKmgTpQ=="],

    "react-dom": ["react-dom@19.0.0", "", { "dependencies": { "scheduler": "^0.25.0" }, "peerDependencies": { "react": "^19.0.0" } }, "sha512-4GV5sHFG0e/0AD4X+ySy6UJd3jVl1iNsNHdpad0qhABJ11twS3TTBnseqsKurKcsNqCEFeGL3uLpVChpIO3QfQ=="],

    "scheduler": ["scheduler@0.25.0", "", {}, "sha512-xFVuu11jh+xcO7JOAGJNOXld8/TcEHK/4CituBUeUb5hqxJLj9YuemAEuvm9gQ/+pgXYfbQuqAkiYu+u7YEsNA=="],

    "server": ["server@github:react-dom/server#9c6de71", {}, "react-dom-server-9c6de71"],

    "short-unique-id": ["short-unique-id@5.2.0", "", { "bin": { "short-unique-id": "bin/short-unique-id", "suid": "bin/short-unique-id" } }, "sha512-cMGfwNyfDZ/nzJ2k2M+ClthBIh//GlZl1JEf47Uoa9XR11bz8Pa2T2wQO4bVrRdH48LrIDWJahQziKo3MjhsWg=="],

    "sqlite-vec": ["sqlite-vec@0.1.7-alpha.2", "", { "optionalDependencies": { "sqlite-vec-darwin-arm64": "0.1.7-alpha.2", "sqlite-vec-darwin-x64": "0.1.7-alpha.2", "sqlite-vec-linux-arm64": "0.1.7-alpha.2", "sqlite-vec-linux-x64": "0.1.7-alpha.2", "sqlite-vec-windows-x64": "0.1.7-alpha.2" } }, "sha512-rNgRCv+4V4Ed3yc33Qr+nNmjhtrMnnHzXfLVPeGb28Dx5mmDL3Ngw/Wk8vhCGjj76+oC6gnkmMG8y73BZWGBwQ=="],

    "sqlite-vec-darwin-arm64": ["sqlite-vec-darwin-arm64@0.1.7-alpha.2", "", { "os": "darwin", "cpu": "arm64" }, "sha512-raIATOqFYkeCHhb/t3r7W7Cf2lVYdf4J3ogJ6GFc8PQEgHCPEsi+bYnm2JT84MzLfTlSTIdxr4/NKv+zF7oLPw=="],

    "sqlite-vec-darwin-x64": ["sqlite-vec-darwin-x64@0.1.7-alpha.2", "", { "os": "darwin", "cpu": "x64" }, "sha512-jeZEELsQjjRsVojsvU5iKxOvkaVuE+JYC8Y4Ma8U45aAERrDYmqZoHvgSG7cg1PXL3bMlumFTAmHynf1y4pOzA=="],

    "sqlite-vec-linux-arm64": ["sqlite-vec-linux-arm64@0.1.7-alpha.2", "", { "os": "linux", "cpu": "arm64" }, "sha512-6Spj4Nfi7tG13jsUG+W7jnT0bCTWbyPImu2M8nWp20fNrd1SZ4g3CSlDAK8GBdavX7wRlbBHCZ+BDa++rbDewA=="],

    "sqlite-vec-linux-x64": ["sqlite-vec-linux-x64@0.1.7-alpha.2", "", { "os": "linux", "cpu": "x64" }, "sha512-IcgrbHaDccTVhXDf8Orwdc2+hgDLAFORl6OBUhcvlmwswwBP1hqBTSEhovClG4NItwTOBNgpwOoQ7Qp3VDPWLg=="],

    "sqlite-vec-windows-x64": ["sqlite-vec-windows-x64@0.1.7-alpha.2", "", { "os": "win32", "cpu": "x64" }, "sha512-TRP6hTjAcwvQ6xpCZvjP00pdlda8J38ArFy1lMYhtQWXiIBmWnhMaMbq4kaeCYwvTTddfidatRS+TJrwIKB/oQ=="],

    "type-fest": ["type-fest@4.33.0", "", {}, "sha512-s6zVrxuyKbbAsSAD5ZPTB77q4YIdRctkTbJ2/Dqlinwz+8ooH2gd+YA7VA6Pa93KML9GockVvoxjZ2vHP+mu8g=="],

    "typescript": ["typescript@5.7.3", "", { "bin": { "tsc": "bin/tsc", "tsserver": "bin/tsserver" } }, "sha512-84MVSjMEHP+FQRPy3pX9sTVV/INIex71s9TL2Gm5FG/WG1SqXeKyZ0k7/blY/4FdOzI12CBy1vGc4og/eus0fw=="],

    "undici-types": ["undici-types@6.20.0", "", {}, "sha512-Ny6QZ2Nju20vw1SRHe3d9jVu6gJ+4e3+MMpqu7pqE5HT6WsTSlce++GQmK5UXS8mzV8DSYHrQH+Xrf2jVcuKNg=="],

    "zod": ["zod@3.24.1", "", {}, "sha512-muH7gBL9sI1nciMZV67X5fTKKBLtwpZ5VBp1vsOQzj1MhrBZ4wlVCm3gedKZWLp0Oyel8sIGfeiz54Su+OVT+A=="],

    "zodex": ["zodex@0.18.2", "", { "dependencies": { "type-fest": "^4.26.0", "zod": "^3.23.8" } }, "sha512-GE0/S68lJhhBhJWeOSvq4BCigrguOeKFr7h3sbsMPd6kF4ZCHeVU/hOzNLHlj6d+ezNXcpQ4nHj6purY5RxQBg=="],
  }
}
